
Microsoft Visual Studio Solution File, Format Version 12.00
# Visual Studio Version 17
VisualStudioVersion = 17.7.34221.43
MinimumVisualStudioVersion = 10.0.40219.1
Project("{FAE04EC0-301F-11D3-BF4B-00C04F79EFBC}") = "Teste.Topaz.App", "Teste.Topaz.App\Teste.Topaz.App.csproj", "{90BBF03B-DDA9-4AD2-B4E5-C1EB0BB4434A}"
EndProject
Global
	GlobalSection(SolutionConfigurationPlatforms) = preSolution
		Debug|Any CPU = Debug|Any CPU
		Release|Any CPU = Release|Any CPU
	EndGlobalSection
	GlobalSection(ProjectConfigurationPlatforms) = postSolution
		{90BBF03B-DDA9-4AD2-B4E5-C1EB0BB4434A}.Debug|Any CPU.ActiveCfg = Debug|Any CPU
		{90BBF03B-DDA9-4AD2-B4E5-C1EB0BB4434A}.Debug|Any CPU.Build.0 = Debug|Any CPU
		{90BBF03B-DDA9-4AD2-B4E5-C1EB0BB4434A}.Release|Any CPU.ActiveCfg = Release|Any CPU
		{90BBF03B-DDA9-4AD2-B4E5-C1EB0BB4434A}.Release|Any CPU.Build.0 = Release|Any CPU
	EndGlobalSection
	GlobalSection(SolutionProperties) = preSolution
		HideSolutionNode = FALSE
	EndGlobalSection
	GlobalSection(ExtensibilityGlobals) = postSolution
		SolutionGuid = {F1A837D6-9B92-4022-8B5F-8F334FDBC130}
	EndGlobalSection
EndGlobal
